
Microsoft Visual Studio Solution File, Format Version 12.00
# Visual Studio Version 17
VisualStudioVersion = 17.7.34302.85
MinimumVisualStudioVersion = 10.0.40219.1
Project("{FAE04EC0-301F-11D3-BF4B-00C04F79EFBC}") = "DesktopContactsApp", "DesktopContactsApp.csproj", "{D78F6A93-0E88-43BF-ACCB-FB8F4306C085}"
EndProject
Global
	GlobalSection(SolutionConfigurationPlatforms) = preSolution
		Debug|Any CPU = Debug|Any CPU
		Release|Any CPU = Release|Any CPU
	EndGlobalSection
	GlobalSection(ProjectConfigurationPlatforms) = postSolution
		{D78F6A93-0E88-43BF-ACCB-FB8F4306C085}.Debug|Any CPU.ActiveCfg = Debug|Any CPU
		{D78F6A93-0E88-43BF-ACCB-FB8F4306C085}.Debug|Any CPU.Build.0 = Debug|Any CPU
		{D78F6A93-0E88-43BF-ACCB-FB8F4306C085}.Release|Any CPU.ActiveCfg = Release|Any CPU
		{D78F6A93-0E88-43BF-ACCB-FB8F4306C085}.Release|Any CPU.Build.0 = Release|Any CPU
	EndGlobalSection
	GlobalSection(SolutionProperties) = preSolution
		HideSolutionNode = FALSE
	EndGlobalSection
	GlobalSection(ExtensibilityGlobals) = postSolution
		SolutionGuid = {BEAC4DC3-A6D4-433F-A679-6DC98F8E3DA0}
	EndGlobalSection
EndGlobal
